
Microsoft Visual Studio Solution File, Format Version 12.00
# Visual Studio Version 17
VisualStudioVersion = 17.6.33829.357
MinimumVisualStudioVersion = 10.0.40219.1
Project("{9A19103F-16F7-4668-BE54-9A1E7A4F7556}") = "미로주행01", "ConsoleApp2\미로주행01.csproj", "{A8766C5B-26DC-482A-86EC-A011EB436B7E}"
EndProject
Project("{9A19103F-16F7-4668-BE54-9A1E7A4F7556}") = "미로주행02", "미로주행02\미로주행02.csproj", "{8D89EC75-DD5F-42AD-BAA8-CF9FD2500ECA}"
EndProject
Project("{9A19103F-16F7-4668-BE54-9A1E7A4F7556}") = "미로주행03", "미로주행03\미로주행03.csproj", "{3EB6E3F7-2B2F-490D-80DE-7D5BA13CEBA6}"
EndProject
Project("{9A19103F-16F7-4668-BE54-9A1E7A4F7556}") = "개인정보수집유효기간1", "개인정보수집유효기간1\개인정보수집유효기간1.csproj", "{9F23DE54-665E-4685-AD7D-4C2EE7BFD6BC}"
EndProject
Project("{9A19103F-16F7-4668-BE54-9A1E7A4F7556}") = "택배배달과수거하기01", "택배배달과수거하기01\택배배달과수거하기01.csproj", "{9D967427-8F6D-47F3-926B-96CEFA06EEA1}"
EndProject
Project("{9A19103F-16F7-4668-BE54-9A1E7A4F7556}") = "이모티콘할인행사01", "이모티콘할인행사01\이모티콘할인행사01.csproj", "{3A62AC7B-0538-4AEA-8A5D-950ABD8D236B}"
EndProject
Project("{9A19103F-16F7-4668-BE54-9A1E7A4F7556}") = "표현가능한이진트리01", "표현가능한이진트리01\표현가능한이진트리01.csproj", "{00F6BFA2-13FB-4FAE-B5F3-AE373BEF4796}"
EndProject
Project("{9A19103F-16F7-4668-BE54-9A1E7A4F7556}") = "표병합01", "표병합01\표병합01.csproj", "{469D23E9-3E32-4015-B60E-7463BBEC4D99}"
EndProject
Project("{9A19103F-16F7-4668-BE54-9A1E7A4F7556}") = "하노이의탑", "하노이의탑\하노이의탑.csproj", "{80BD6B67-281A-405F-93FD-A5CE8C26DB80}"
EndProject
Project("{9A19103F-16F7-4668-BE54-9A1E7A4F7556}") = "PlusMinus", "PlusMinus\PlusMinus.csproj", "{671D3860-2900-498C-BDB5-D1BD3A0F2E8F}"
EndProject
Project("{9A19103F-16F7-4668-BE54-9A1E7A4F7556}") = "FizzBuzz", "FizzBuzz\FizzBuzz.csproj", "{949489A9-7962-4854-B865-1A8C399BDC86}"
EndProject
Project("{9A19103F-16F7-4668-BE54-9A1E7A4F7556}") = "FindtheMedian", "FindtheMedian\FindtheMedian.csproj", "{CE2F6F43-C265-4BC0-B48F-07FD45245C03}"
EndProject
Project("{9A19103F-16F7-4668-BE54-9A1E7A4F7556}") = "FlippingtheMatrix", "FlippingtheMatrix\FlippingtheMatrix.csproj", "{10A29C58-BDD4-4D88-B955-08BFB3F64410}"
EndProject
Project("{9A19103F-16F7-4668-BE54-9A1E7A4F7556}") = "Mini-MaxSum", "Mini-MaxSum\Mini-MaxSum.csproj", "{9DB95993-A50A-4371-8366-BC2EFB7ED3E9}"
EndProject
Project("{9A19103F-16F7-4668-BE54-9A1E7A4F7556}") = "TimeConversion", "TimeConversion\TimeConversion.csproj", "{95C13F73-A273-4AEB-85AE-5460FC3358ED}"
EndProject
Project("{9A19103F-16F7-4668-BE54-9A1E7A4F7556}") = "SparseArrays", "SparseArrays\SparseArrays.csproj", "{549D3B38-A366-4928-AD44-227A49A3F776}"
EndProject
Project("{9A19103F-16F7-4668-BE54-9A1E7A4F7556}") = "LonelyInteger", "LonelyInteger\LonelyInteger.csproj", "{F19C3A12-4BEC-4291-AC38-1159E3053EEC}"
EndProject
Project("{9A19103F-16F7-4668-BE54-9A1E7A4F7556}") = "FlippingBits", "FlippingBits\FlippingBits.csproj", "{7272009D-1905-4ED3-AD54-857A30992D22}"
EndProject
Project("{9A19103F-16F7-4668-BE54-9A1E7A4F7556}") = "FindtheMedian02", "FindtheMedian02\FindtheMedian02.csproj", "{CD0A8AC2-03BE-4027-ADF8-4BE808506B40}"
EndProject
Project("{9A19103F-16F7-4668-BE54-9A1E7A4F7556}") = "FlippingtheMatrix02", "FlippingtheMatrix02\FlippingtheMatrix02.csproj", "{E666DAAE-C06E-4DB0-ACE0-912F40333EB1}"
EndProject
Project("{9A19103F-16F7-4668-BE54-9A1E7A4F7556}") = "sockMerchant", "sockMerchant\sockMerchant.csproj", "{6B1B97EE-D155-4D76-A6AA-6C65D314A8E1}"
EndProject
Project("{9A19103F-16F7-4668-BE54-9A1E7A4F7556}") = "ZigZagSequence", "ZigZagSequence\ZigZagSequence.csproj", "{9CD745A0-94CA-4539-AA83-B1607C462A3E}"
EndProject
Project("{9A19103F-16F7-4668-BE54-9A1E7A4F7556}") = "ZigZagSequence02", "ZigZagSequence02\ZigZagSequence02.csproj", "{F3EBC50F-D90C-4373-B625-257EFC9F6355}"
EndProject
Project("{9A19103F-16F7-4668-BE54-9A1E7A4F7556}") = "DrawingBook", "DrawingBook\DrawingBook.csproj", "{BC88E4B8-9BA6-4130-B1A3-80668B26D02B}"
EndProject
Project("{9A19103F-16F7-4668-BE54-9A1E7A4F7556}") = "PalindromeIndex", "PalindromeIndex\PalindromeIndex.csproj", "{B0837B0B-DC0D-4318-937F-3393262BBB9E}"
EndProject
Project("{9A19103F-16F7-4668-BE54-9A1E7A4F7556}") = "BetweenTwoSets", "BetweenTwoSets\BetweenTwoSets.csproj", "{223103A9-2993-4440-9ADF-B16B0DEDE96E}"
EndProject
Project("{9A19103F-16F7-4668-BE54-9A1E7A4F7556}") = "Anagram", "Anagram\Anagram.csproj", "{077353C4-C6BB-4D47-9180-1676469A168F}"
EndProject
Project("{9A19103F-16F7-4668-BE54-9A1E7A4F7556}") = "Bomberman", "Bomberman\Bomberman.csproj", "{797D80BD-AF5E-43A3-819A-8146B8D569C4}"
EndProject
Project("{9A19103F-16F7-4668-BE54-9A1E7A4F7556}") = "Reversealinkedlist", "Reversealinkedlist\Reversealinkedlist.csproj", "{4BF5FC01-9DDD-45EF-B6F4-56AD15CCF1D4}"
EndProject
Project("{9A19103F-16F7-4668-BE54-9A1E7A4F7556}") = "TruckTour", "TruckTour\TruckTour.csproj", "{CD53FE00-B931-4205-ADF0-980B24CB27E2}"
EndProject
Project("{9A19103F-16F7-4668-BE54-9A1E7A4F7556}") = "Pairs", "Pairs\Pairs.csproj", "{B84F5F24-9F57-4922-A9CC-2CB958BB56DC}"
EndProject
Project("{9A19103F-16F7-4668-BE54-9A1E7A4F7556}") = "BigSorting", "BigSorting\BigSorting.csproj", "{591A28C5-44B6-4B53-B1B3-1513F6472F83}"
EndProject
Project("{9A19103F-16F7-4668-BE54-9A1E7A4F7556}") = "RestAPI01", "RestAPI01\RestAPI01.csproj", "{15183BF5-535B-4CE6-A3EE-4EB7F6516B6A}"
EndProject
Project("{9A19103F-16F7-4668-BE54-9A1E7A4F7556}") = "프로그래머스 92334 신고 결과 받기", "프로그래머스 92334 신고 결과 받기\프로그래머스 92334 신고 결과 받기.csproj", "{2AA00109-6A89-428B-89CE-A5A5D9908635}"
EndProject
Project("{2150E333-8FDC-42A3-9474-1A3956D46DE8}") = "솔루션 항목", "솔루션 항목", "{9198A427-2F25-49C1-97BD-550DE8EB4A4A}"
	ProjectSection(SolutionItems) = preProject
		.gitignore = .gitignore
	EndProjectSection
EndProject
Project("{FAE04EC0-301F-11D3-BF4B-00C04F79EFBC}") = "[프로그래머스][2022 KAKAO BLIND RECRUITMENT][Lv.2] 양궁대회", "[프로그래머스][2022 KAKAO BLIND RECRUITMENT][Lv.2] 양궁대회\[프로그래머스][2022 KAKAO BLIND RECRUITMENT][Lv.2] 양궁대회.csproj", "{3F7E5562-9F9E-4021-AA6B-397C5CD30F19}"
EndProject
Project("{2150E333-8FDC-42A3-9474-1A3956D46DE8}") = "프로그래머스", "프로그래머스", "{8F8CBCE6-991B-46F1-9DB2-4E3928D4C63C}"
EndProject
Project("{2150E333-8FDC-42A3-9474-1A3956D46DE8}") = "2024 KAKAO WINTER INTERNSHIP", "2024 KAKAO WINTER INTERNSHIP", "{F34B394F-8D15-40EC-826C-CDCAF0936AA0}"
EndProject
Project("{FAE04EC0-301F-11D3-BF4B-00C04F79EFBC}") = "[Lv.1] 가장 많이 받은 선물", "[Lv.1] 가장 많이 받은 선물\[Lv.1] 가장 많이 받은 선물.csproj", "{3A784DF8-A12F-4A1E-9057-FD15A507F5B7}"
EndProject
Project("{2150E333-8FDC-42A3-9474-1A3956D46DE8}") = "월간 코드 챌린지 시즌3", "월간 코드 챌린지 시즌3", "{56AE8AE1-7F9C-4068-BEE1-4E9BA55F4A75}"
EndProject
Project("{FAE04EC0-301F-11D3-BF4B-00C04F79EFBC}") = "[Lv.3] 금과 은 운반하기", "[Lv.3] 금과 은 운반하기\[Lv.3] 금과 은 운반하기.csproj", "{3C8DB490-FC28-4505-9D50-160B37078D51}"
EndProject
Global
	GlobalSection(SolutionConfigurationPlatforms) = preSolution
		Debug|Any CPU = Debug|Any CPU
		Release|Any CPU = Release|Any CPU
	EndGlobalSection
	GlobalSection(ProjectConfigurationPlatforms) = postSolution
		{A8766C5B-26DC-482A-86EC-A011EB436B7E}.Debug|Any CPU.ActiveCfg = Debug|Any CPU
		{A8766C5B-26DC-482A-86EC-A011EB436B7E}.Debug|Any CPU.Build.0 = Debug|Any CPU
		{A8766C5B-26DC-482A-86EC-A011EB436B7E}.Release|Any CPU.ActiveCfg = Release|Any CPU
		{A8766C5B-26DC-482A-86EC-A011EB436B7E}.Release|Any CPU.Build.0 = Release|Any CPU
		{8D89EC75-DD5F-42AD-BAA8-CF9FD2500ECA}.Debug|Any CPU.ActiveCfg = Debug|Any CPU
		{8D89EC75-DD5F-42AD-BAA8-CF9FD2500ECA}.Debug|Any CPU.Build.0 = Debug|Any CPU
		{8D89EC75-DD5F-42AD-BAA8-CF9FD2500ECA}.Release|Any CPU.ActiveCfg = Release|Any CPU
		{8D89EC75-DD5F-42AD-BAA8-CF9FD2500ECA}.Release|Any CPU.Build.0 = Release|Any CPU
		{3EB6E3F7-2B2F-490D-80DE-7D5BA13CEBA6}.Debug|Any CPU.ActiveCfg = Debug|Any CPU
		{3EB6E3F7-2B2F-490D-80DE-7D5BA13CEBA6}.Debug|Any CPU.Build.0 = Debug|Any CPU
		{3EB6E3F7-2B2F-490D-80DE-7D5BA13CEBA6}.Release|Any CPU.ActiveCfg = Release|Any CPU
		{3EB6E3F7-2B2F-490D-80DE-7D5BA13CEBA6}.Release|Any CPU.Build.0 = Release|Any CPU
		{9F23DE54-665E-4685-AD7D-4C2EE7BFD6BC}.Debug|Any CPU.ActiveCfg = Debug|Any CPU
		{9F23DE54-665E-4685-AD7D-4C2EE7BFD6BC}.Debug|Any CPU.Build.0 = Debug|Any CPU
		{9F23DE54-665E-4685-AD7D-4C2EE7BFD6BC}.Release|Any CPU.ActiveCfg = Release|Any CPU
		{9F23DE54-665E-4685-AD7D-4C2EE7BFD6BC}.Release|Any CPU.Build.0 = Release|Any CPU
		{9D967427-8F6D-47F3-926B-96CEFA06EEA1}.Debug|Any CPU.ActiveCfg = Debug|Any CPU
		{9D967427-8F6D-47F3-926B-96CEFA06EEA1}.Debug|Any CPU.Build.0 = Debug|Any CPU
		{9D967427-8F6D-47F3-926B-96CEFA06EEA1}.Release|Any CPU.ActiveCfg = Release|Any CPU
		{9D967427-8F6D-47F3-926B-96CEFA06EEA1}.Release|Any CPU.Build.0 = Release|Any CPU
		{3A62AC7B-0538-4AEA-8A5D-950ABD8D236B}.Debug|Any CPU.ActiveCfg = Debug|Any CPU
		{3A62AC7B-0538-4AEA-8A5D-950ABD8D236B}.Debug|Any CPU.Build.0 = Debug|Any CPU
		{3A62AC7B-0538-4AEA-8A5D-950ABD8D236B}.Release|Any CPU.ActiveCfg = Release|Any CPU
		{3A62AC7B-0538-4AEA-8A5D-950ABD8D236B}.Release|Any CPU.Build.0 = Release|Any CPU
		{00F6BFA2-13FB-4FAE-B5F3-AE373BEF4796}.Debug|Any CPU.ActiveCfg = Debug|Any CPU
		{00F6BFA2-13FB-4FAE-B5F3-AE373BEF4796}.Debug|Any CPU.Build.0 = Debug|Any CPU
		{00F6BFA2-13FB-4FAE-B5F3-AE373BEF4796}.Release|Any CPU.ActiveCfg = Release|Any CPU
		{00F6BFA2-13FB-4FAE-B5F3-AE373BEF4796}.Release|Any CPU.Build.0 = Release|Any CPU
		{469D23E9-3E32-4015-B60E-7463BBEC4D99}.Debug|Any CPU.ActiveCfg = Debug|Any CPU
		{469D23E9-3E32-4015-B60E-7463BBEC4D99}.Debug|Any CPU.Build.0 = Debug|Any CPU
		{469D23E9-3E32-4015-B60E-7463BBEC4D99}.Release|Any CPU.ActiveCfg = Release|Any CPU
		{469D23E9-3E32-4015-B60E-7463BBEC4D99}.Release|Any CPU.Build.0 = Release|Any CPU
		{80BD6B67-281A-405F-93FD-A5CE8C26DB80}.Debug|Any CPU.ActiveCfg = Debug|Any CPU
		{80BD6B67-281A-405F-93FD-A5CE8C26DB80}.Debug|Any CPU.Build.0 = Debug|Any CPU
		{80BD6B67-281A-405F-93FD-A5CE8C26DB80}.Release|Any CPU.ActiveCfg = Release|Any CPU
		{80BD6B67-281A-405F-93FD-A5CE8C26DB80}.Release|Any CPU.Build.0 = Release|Any CPU
		{671D3860-2900-498C-BDB5-D1BD3A0F2E8F}.Debug|Any CPU.ActiveCfg = Debug|Any CPU
		{671D3860-2900-498C-BDB5-D1BD3A0F2E8F}.Debug|Any CPU.Build.0 = Debug|Any CPU
		{671D3860-2900-498C-BDB5-D1BD3A0F2E8F}.Release|Any CPU.ActiveCfg = Release|Any CPU
		{671D3860-2900-498C-BDB5-D1BD3A0F2E8F}.Release|Any CPU.Build.0 = Release|Any CPU
		{949489A9-7962-4854-B865-1A8C399BDC86}.Debug|Any CPU.ActiveCfg = Debug|Any CPU
		{949489A9-7962-4854-B865-1A8C399BDC86}.Debug|Any CPU.Build.0 = Debug|Any CPU
		{949489A9-7962-4854-B865-1A8C399BDC86}.Release|Any CPU.ActiveCfg = Release|Any CPU
		{949489A9-7962-4854-B865-1A8C399BDC86}.Release|Any CPU.Build.0 = Release|Any CPU
		{CE2F6F43-C265-4BC0-B48F-07FD45245C03}.Debug|Any CPU.ActiveCfg = Debug|Any CPU
		{CE2F6F43-C265-4BC0-B48F-07FD45245C03}.Debug|Any CPU.Build.0 = Debug|Any CPU
		{CE2F6F43-C265-4BC0-B48F-07FD45245C03}.Release|Any CPU.ActiveCfg = Release|Any CPU
		{CE2F6F43-C265-4BC0-B48F-07FD45245C03}.Release|Any CPU.Build.0 = Release|Any CPU
		{10A29C58-BDD4-4D88-B955-08BFB3F64410}.Debug|Any CPU.ActiveCfg = Debug|Any CPU
		{10A29C58-BDD4-4D88-B955-08BFB3F64410}.Debug|Any CPU.Build.0 = Debug|Any CPU
		{10A29C58-BDD4-4D88-B955-08BFB3F64410}.Release|Any CPU.ActiveCfg = Release|Any CPU
		{10A29C58-BDD4-4D88-B955-08BFB3F64410}.Release|Any CPU.Build.0 = Release|Any CPU
		{9DB95993-A50A-4371-8366-BC2EFB7ED3E9}.Debug|Any CPU.ActiveCfg = Debug|Any CPU
		{9DB95993-A50A-4371-8366-BC2EFB7ED3E9}.Debug|Any CPU.Build.0 = Debug|Any CPU
		{9DB95993-A50A-4371-8366-BC2EFB7ED3E9}.Release|Any CPU.ActiveCfg = Release|Any CPU
		{9DB95993-A50A-4371-8366-BC2EFB7ED3E9}.Release|Any CPU.Build.0 = Release|Any CPU
		{95C13F73-A273-4AEB-85AE-5460FC3358ED}.Debug|Any CPU.ActiveCfg = Debug|Any CPU
		{95C13F73-A273-4AEB-85AE-5460FC3358ED}.Debug|Any CPU.Build.0 = Debug|Any CPU
		{95C13F73-A273-4AEB-85AE-5460FC3358ED}.Release|Any CPU.ActiveCfg = Release|Any CPU
		{95C13F73-A273-4AEB-85AE-5460FC3358ED}.Release|Any CPU.Build.0 = Release|Any CPU
		{549D3B38-A366-4928-AD44-227A49A3F776}.Debug|Any CPU.ActiveCfg = Debug|Any CPU
		{549D3B38-A366-4928-AD44-227A49A3F776}.Debug|Any CPU.Build.0 = Debug|Any CPU
		{549D3B38-A366-4928-AD44-227A49A3F776}.Release|Any CPU.ActiveCfg = Release|Any CPU
		{549D3B38-A366-4928-AD44-227A49A3F776}.Release|Any CPU.Build.0 = Release|Any CPU
		{F19C3A12-4BEC-4291-AC38-1159E3053EEC}.Debug|Any CPU.ActiveCfg = Debug|Any CPU
		{F19C3A12-4BEC-4291-AC38-1159E3053EEC}.Debug|Any CPU.Build.0 = Debug|Any CPU
		{F19C3A12-4BEC-4291-AC38-1159E3053EEC}.Release|Any CPU.ActiveCfg = Release|Any CPU
		{F19C3A12-4BEC-4291-AC38-1159E3053EEC}.Release|Any CPU.Build.0 = Release|Any CPU
		{7272009D-1905-4ED3-AD54-857A30992D22}.Debug|Any CPU.ActiveCfg = Debug|Any CPU
		{7272009D-1905-4ED3-AD54-857A30992D22}.Debug|Any CPU.Build.0 = Debug|Any CPU
		{7272009D-1905-4ED3-AD54-857A30992D22}.Release|Any CPU.ActiveCfg = Release|Any CPU
		{7272009D-1905-4ED3-AD54-857A30992D22}.Release|Any CPU.Build.0 = Release|Any CPU
		{CD0A8AC2-03BE-4027-ADF8-4BE808506B40}.Debug|Any CPU.ActiveCfg = Debug|Any CPU
		{CD0A8AC2-03BE-4027-ADF8-4BE808506B40}.Debug|Any CPU.Build.0 = Debug|Any CPU
		{CD0A8AC2-03BE-4027-ADF8-4BE808506B40}.Release|Any CPU.ActiveCfg = Release|Any CPU
		{CD0A8AC2-03BE-4027-ADF8-4BE808506B40}.Release|Any CPU.Build.0 = Release|Any CPU
		{E666DAAE-C06E-4DB0-ACE0-912F40333EB1}.Debug|Any CPU.ActiveCfg = Debug|Any CPU
		{E666DAAE-C06E-4DB0-ACE0-912F40333EB1}.Debug|Any CPU.Build.0 = Debug|Any CPU
		{E666DAAE-C06E-4DB0-ACE0-912F40333EB1}.Release|Any CPU.ActiveCfg = Release|Any CPU
		{E666DAAE-C06E-4DB0-ACE0-912F40333EB1}.Release|Any CPU.Build.0 = Release|Any CPU
		{6B1B97EE-D155-4D76-A6AA-6C65D314A8E1}.Debug|Any CPU.ActiveCfg = Debug|Any CPU
		{6B1B97EE-D155-4D76-A6AA-6C65D314A8E1}.Debug|Any CPU.Build.0 = Debug|Any CPU
		{6B1B97EE-D155-4D76-A6AA-6C65D314A8E1}.Release|Any CPU.ActiveCfg = Release|Any CPU
		{6B1B97EE-D155-4D76-A6AA-6C65D314A8E1}.Release|Any CPU.Build.0 = Release|Any CPU
		{9CD745A0-94CA-4539-AA83-B1607C462A3E}.Debug|Any CPU.ActiveCfg = Debug|Any CPU
		{9CD745A0-94CA-4539-AA83-B1607C462A3E}.Debug|Any CPU.Build.0 = Debug|Any CPU
		{9CD745A0-94CA-4539-AA83-B1607C462A3E}.Release|Any CPU.ActiveCfg = Release|Any CPU
		{9CD745A0-94CA-4539-AA83-B1607C462A3E}.Release|Any CPU.Build.0 = Release|Any CPU
		{F3EBC50F-D90C-4373-B625-257EFC9F6355}.Debug|Any CPU.ActiveCfg = Debug|Any CPU
		{F3EBC50F-D90C-4373-B625-257EFC9F6355}.Debug|Any CPU.Build.0 = Debug|Any CPU
		{F3EBC50F-D90C-4373-B625-257EFC9F6355}.Release|Any CPU.ActiveCfg = Release|Any CPU
		{F3EBC50F-D90C-4373-B625-257EFC9F6355}.Release|Any CPU.Build.0 = Release|Any CPU
		{BC88E4B8-9BA6-4130-B1A3-80668B26D02B}.Debug|Any CPU.ActiveCfg = Debug|Any CPU
		{BC88E4B8-9BA6-4130-B1A3-80668B26D02B}.Debug|Any CPU.Build.0 = Debug|Any CPU
		{BC88E4B8-9BA6-4130-B1A3-80668B26D02B}.Release|Any CPU.ActiveCfg = Release|Any CPU
		{BC88E4B8-9BA6-4130-B1A3-80668B26D02B}.Release|Any CPU.Build.0 = Release|Any CPU
		{B0837B0B-DC0D-4318-937F-3393262BBB9E}.Debug|Any CPU.ActiveCfg = Debug|Any CPU
		{B0837B0B-DC0D-4318-937F-3393262BBB9E}.Debug|Any CPU.Build.0 = Debug|Any CPU
		{B0837B0B-DC0D-4318-937F-3393262BBB9E}.Release|Any CPU.ActiveCfg = Release|Any CPU
		{B0837B0B-DC0D-4318-937F-3393262BBB9E}.Release|Any CPU.Build.0 = Release|Any CPU
		{223103A9-2993-4440-9ADF-B16B0DEDE96E}.Debug|Any CPU.ActiveCfg = Debug|Any CPU
		{223103A9-2993-4440-9ADF-B16B0DEDE96E}.Debug|Any CPU.Build.0 = Debug|Any CPU
		{223103A9-2993-4440-9ADF-B16B0DEDE96E}.Release|Any CPU.ActiveCfg = Release|Any CPU
		{223103A9-2993-4440-9ADF-B16B0DEDE96E}.Release|Any CPU.Build.0 = Release|Any CPU
		{077353C4-C6BB-4D47-9180-1676469A168F}.Debug|Any CPU.ActiveCfg = Debug|Any CPU
		{077353C4-C6BB-4D47-9180-1676469A168F}.Debug|Any CPU.Build.0 = Debug|Any CPU
		{077353C4-C6BB-4D47-9180-1676469A168F}.Release|Any CPU.ActiveCfg = Release|Any CPU
		{077353C4-C6BB-4D47-9180-1676469A168F}.Release|Any CPU.Build.0 = Release|Any CPU
		{797D80BD-AF5E-43A3-819A-8146B8D569C4}.Debug|Any CPU.ActiveCfg = Debug|Any CPU
		{797D80BD-AF5E-43A3-819A-8146B8D569C4}.Debug|Any CPU.Build.0 = Debug|Any CPU
		{797D80BD-AF5E-43A3-819A-8146B8D569C4}.Release|Any CPU.ActiveCfg = Release|Any CPU
		{797D80BD-AF5E-43A3-819A-8146B8D569C4}.Release|Any CPU.Build.0 = Release|Any CPU
		{4BF5FC01-9DDD-45EF-B6F4-56AD15CCF1D4}.Debug|Any CPU.ActiveCfg = Debug|Any CPU
		{4BF5FC01-9DDD-45EF-B6F4-56AD15CCF1D4}.Debug|Any CPU.Build.0 = Debug|Any CPU
		{4BF5FC01-9DDD-45EF-B6F4-56AD15CCF1D4}.Release|Any CPU.ActiveCfg = Release|Any CPU
		{4BF5FC01-9DDD-45EF-B6F4-56AD15CCF1D4}.Release|Any CPU.Build.0 = Release|Any CPU
		{CD53FE00-B931-4205-ADF0-980B24CB27E2}.Debug|Any CPU.ActiveCfg = Debug|Any CPU
		{CD53FE00-B931-4205-ADF0-980B24CB27E2}.Debug|Any CPU.Build.0 = Debug|Any CPU
		{CD53FE00-B931-4205-ADF0-980B24CB27E2}.Release|Any CPU.ActiveCfg = Release|Any CPU
		{CD53FE00-B931-4205-ADF0-980B24CB27E2}.Release|Any CPU.Build.0 = Release|Any CPU
		{B84F5F24-9F57-4922-A9CC-2CB958BB56DC}.Debug|Any CPU.ActiveCfg = Debug|Any CPU
		{B84F5F24-9F57-4922-A9CC-2CB958BB56DC}.Debug|Any CPU.Build.0 = Debug|Any CPU
		{B84F5F24-9F57-4922-A9CC-2CB958BB56DC}.Release|Any CPU.ActiveCfg = Release|Any CPU
		{B84F5F24-9F57-4922-A9CC-2CB958BB56DC}.Release|Any CPU.Build.0 = Release|Any CPU
		{591A28C5-44B6-4B53-B1B3-1513F6472F83}.Debug|Any CPU.ActiveCfg = Debug|Any CPU
		{591A28C5-44B6-4B53-B1B3-1513F6472F83}.Debug|Any CPU.Build.0 = Debug|Any CPU
		{591A28C5-44B6-4B53-B1B3-1513F6472F83}.Release|Any CPU.ActiveCfg = Release|Any CPU
		{591A28C5-44B6-4B53-B1B3-1513F6472F83}.Release|Any CPU.Build.0 = Release|Any CPU
		{15183BF5-535B-4CE6-A3EE-4EB7F6516B6A}.Debug|Any CPU.ActiveCfg = Debug|Any CPU
		{15183BF5-535B-4CE6-A3EE-4EB7F6516B6A}.Debug|Any CPU.Build.0 = Debug|Any CPU
		{15183BF5-535B-4CE6-A3EE-4EB7F6516B6A}.Release|Any CPU.ActiveCfg = Release|Any CPU
		{15183BF5-535B-4CE6-A3EE-4EB7F6516B6A}.Release|Any CPU.Build.0 = Release|Any CPU
		{2AA00109-6A89-428B-89CE-A5A5D9908635}.Debug|Any CPU.ActiveCfg = Debug|Any CPU
		{2AA00109-6A89-428B-89CE-A5A5D9908635}.Debug|Any CPU.Build.0 = Debug|Any CPU
		{2AA00109-6A89-428B-89CE-A5A5D9908635}.Release|Any CPU.ActiveCfg = Release|Any CPU
		{2AA00109-6A89-428B-89CE-A5A5D9908635}.Release|Any CPU.Build.0 = Release|Any CPU
		{3F7E5562-9F9E-4021-AA6B-397C5CD30F19}.Debug|Any CPU.ActiveCfg = Debug|Any CPU
		{3F7E5562-9F9E-4021-AA6B-397C5CD30F19}.Debug|Any CPU.Build.0 = Debug|Any CPU
		{3F7E5562-9F9E-4021-AA6B-397C5CD30F19}.Release|Any CPU.ActiveCfg = Release|Any CPU
		{3F7E5562-9F9E-4021-AA6B-397C5CD30F19}.Release|Any CPU.Build.0 = Release|Any CPU
		{3A784DF8-A12F-4A1E-9057-FD15A507F5B7}.Debug|Any CPU.ActiveCfg = Debug|Any CPU
		{3A784DF8-A12F-4A1E-9057-FD15A507F5B7}.Debug|Any CPU.Build.0 = Debug|Any CPU
		{3A784DF8-A12F-4A1E-9057-FD15A507F5B7}.Release|Any CPU.ActiveCfg = Release|Any CPU
		{3A784DF8-A12F-4A1E-9057-FD15A507F5B7}.Release|Any CPU.Build.0 = Release|Any CPU
		{3C8DB490-FC28-4505-9D50-160B37078D51}.Debug|Any CPU.ActiveCfg = Debug|Any CPU
		{3C8DB490-FC28-4505-9D50-160B37078D51}.Debug|Any CPU.Build.0 = Debug|Any CPU
		{3C8DB490-FC28-4505-9D50-160B37078D51}.Release|Any CPU.ActiveCfg = Release|Any CPU
		{3C8DB490-FC28-4505-9D50-160B37078D51}.Release|Any CPU.Build.0 = Release|Any CPU
	EndGlobalSection
	GlobalSection(SolutionProperties) = preSolution
		HideSolutionNode = FALSE
	EndGlobalSection
	GlobalSection(NestedProjects) = preSolution
		{F34B394F-8D15-40EC-826C-CDCAF0936AA0} = {8F8CBCE6-991B-46F1-9DB2-4E3928D4C63C}
		{3A784DF8-A12F-4A1E-9057-FD15A507F5B7} = {F34B394F-8D15-40EC-826C-CDCAF0936AA0}
		{56AE8AE1-7F9C-4068-BEE1-4E9BA55F4A75} = {8F8CBCE6-991B-46F1-9DB2-4E3928D4C63C}
		{3C8DB490-FC28-4505-9D50-160B37078D51} = {56AE8AE1-7F9C-4068-BEE1-4E9BA55F4A75}
	EndGlobalSection
	GlobalSection(ExtensibilityGlobals) = postSolution
		SolutionGuid = {E02FE98F-45FF-4BD9-A9D3-5F969BD5C308}
	EndGlobalSection
EndGlobal
